hash: 9ea1974c9e62963bf0dc7acd2b113d7e0f45f17fe89743bb61465e14b49b9abe
updated: 2017-02-22T19:12:29.652185271+03:00
imports:
- name: github.com/cznic/ql
  version: 7a63cd7aa46ecd9f549b96983029576af2178f60
- name: github.com/labstack/echo
  version: 8d504c1b699c757b267255c53b3e5219f9974abc
- name: github.com/labstack/gommon
  version: e8995fb26e646187d33cff439b18609cfba23088
  subpackages:
  - color
  - log
- name: github.com/mattn/go-colorable
  version: d898aa9fb31c91f35dd28ca75db377eff023c076
- name: github.com/mattn/go-isatty
  version: dda3de49cbfcec471bd7a70e6cc01fcc3ff90109
- name: github.com/tylerb/graceful
  version: d72b0151351a13d0421b763b88f791469c4f5dc7
- name: github.com/valyala/bytebufferpool
  version: e746df99fe4a3986f4d4f79e13c1e0117ce9c2f7
- name: github.com/valyala/fasttemplate
  version: d090d65668a286d9a180d43a19dfdc5dcad8fe88
- name: golang.org/x/crypto
  version: 453249f01cfeb54c3d549ddb75ff152ca243f9d8
  subpackages:
  - acme
  - acme/autocert
- name: golang.org/x/net
  version: 6b27048ae5e6ad1ef927e72e437531493de612fe
  subpackages:
  - context
  - context/ctxhttp
- name: golang.org/x/sys
  version: 075e574b89e4c2d22f2286a7e2b919519c6f3547
  subpackages:
  - unix
testImports: []
